// !$*UTF8*$!
{
	archiveVersion = 1;
	classes = {
	};
	objectVersion = 50;
	objects = {

/* Begin PBXBuildFile section */
		255F60ED93AC9FE6C3AEDACF /* Pods_Name_Project.framework in Frameworks */ = {isa = PBXBuildFile; fileRef = 39A8C40DD31CE8EEBD0401CD /* Pods_Name_Project.framework */; };
		BF77ECEC215CD02500CB6668 /* AppDelegate.swift in Sources */ = {isa = PBXBuildFile; fileRef = BF77ECEB215CD02500CB6668 /* AppDelegate.swift */; };
		BF77ECF3215CD02600CB6668 /* Assets.xcassets in Resources */ = {isa = PBXBuildFile; fileRef = BF77ECF2215CD02600CB6668 /* Assets.xcassets */; };
		BF77ECF6215CD02600CB6668 /* LaunchScreen.storyboard in Resources */ = {isa = PBXBuildFile; fileRef = BF77ECF4215CD02600CB6668 /* LaunchScreen.storyboard */; };
		BF77ED09215CD78200CB6668 /* HomeViewController.swift in Sources */ = {isa = PBXBuildFile; fileRef = BF77ED08215CD78200CB6668 /* HomeViewController.swift */; };
		BFEC2332215DC9BC0086A899 /* MainTheme.plist in Resources */ = {isa = PBXBuildFile; fileRef = BFEC2331215DC9BC0086A899 /* MainTheme.plist */; };
		BFEC2335215DCB720086A899 /* ThemeKeys.swift in Sources */ = {isa = PBXBuildFile; fileRef = BFEC2334215DCB720086A899 /* ThemeKeys.swift */; };
		BFEC2337215DCEF20086A899 /* SwiftTheme+Extensions.swift in Sources */ = {isa = PBXBuildFile; fileRef = BFEC2336215DCEF20086A899 /* SwiftTheme+Extensions.swift */; };
		BFEC2339215DD0200086A899 /* Utilities.swift in Sources */ = {isa = PBXBuildFile; fileRef = BFEC2338215DD0200086A899 /* Utilities.swift */; };
		BFEC233C215DD3880086A899 /* AlphaColor.swift in Sources */ = {isa = PBXBuildFile; fileRef = BFEC233B215DD3880086A899 /* AlphaColor.swift */; };
		BFEC233E215DD68C0086A899 /* AppConfig.swift in Sources */ = {isa = PBXBuildFile; fileRef = BFEC233D215DD68C0086A899 /* AppConfig.swift */; };
/* End PBXBuildFile section */

/* Begin PBXFileReference section */
		39A8C40DD31CE8EEBD0401CD /* Pods_Name_Project.framework */ = {isa = PBXFileReference; explicitFileType = wrapper.framework; includeInIndex = 0; path = Pods_Name_Project.framework; sourceTree = BUILT_PRODUCTS_DIR; };
		5C44C9927D5E7828A8E7DAD9 /* Pods-Name-Project.release.xcconfig */ = {isa = PBXFileReference; includeInIndex = 1; lastKnownFileType = text.xcconfig; name = "Pods-Name-Project.release.xcconfig"; path = "Pods/Target Support Files/Pods-Name-Project/Pods-Name-Project.release.xcconfig"; sourceTree = "<group>"; };
		BF77ECE8215CD02500CB6668 /* Name-Project.app */ = {isa = PBXFileReference; explicitFileType = wrapper.application; includeInIndex = 0; path = "Name-Project.app"; sourceTree = BUILT_PRODUCTS_DIR; };
		BF77ECEB215CD02500CB6668 /* AppDelegate.swift */ = {isa = PBXFileReference; lastKnownFileType = sourcecode.swift; path = AppDelegate.swift; sourceTree = "<group>"; };
		BF77ECF2215CD02600CB6668 /* Assets.xcassets */ = {isa = PBXFileReference; lastKnownFileType = folder.assetcatalog; path = Assets.xcassets; sourceTree = "<group>"; };
		BF77ECF5215CD02600CB6668 /* Base */ = {isa = PBXFileReference; lastKnownFileType = file.storyboard; name = Base; path = Base.lproj/LaunchScreen.storyboard; sourceTree = "<group>"; };
		BF77ECF7215CD02600CB6668 /* Info.plist */ = {isa = PBXFileReference; lastKnownFileType = text.plist.xml; path = Info.plist; sourceTree = "<group>"; };
		BF77ED08215CD78200CB6668 /* HomeViewController.swift */ = {isa = PBXFileReference; lastKnownFileType = sourcecode.swift; path = HomeViewController.swift; sourceTree = "<group>"; };
		BF77ED0A215CDCD800CB6668 /* Name-Project-Bridging-Header.h */ = {isa = PBXFileReference; lastKnownFileType = sourcecode.c.h; path = "Name-Project-Bridging-Header.h"; sourceTree = "<group>"; };
		BFEC2331215DC9BC0086A899 /* MainTheme.plist */ = {isa = PBXFileReference; fileEncoding = 4; lastKnownFileType = text.plist.xml; path = MainTheme.plist; sourceTree = "<group>"; };
		BFEC2334215DCB720086A899 /* ThemeKeys.swift */ = {isa = PBXFileReference; lastKnownFileType = sourcecode.swift; path = ThemeKeys.swift; sourceTree = "<group>"; };
		BFEC2336215DCEF20086A899 /* SwiftTheme+Extensions.swift */ = {isa = PBXFileReference; lastKnownFileType = sourcecode.swift; path = "SwiftTheme+Extensions.swift"; sourceTree = "<group>"; };
		BFEC2338215DD0200086A899 /* Utilities.swift */ = {isa = PBXFileReference; lastKnownFileType = sourcecode.swift; path = Utilities.swift; sourceTree = "<group>"; };
		BFEC233B215DD3880086A899 /* AlphaColor.swift */ = {isa = PBXFileReference; lastKnownFileType = sourcecode.swift; path = AlphaColor.swift; sourceTree = "<group>"; };
		BFEC233D215DD68C0086A899 /* AppConfig.swift */ = {isa = PBXFileReference; lastKnownFileType = sourcecode.swift; path = AppConfig.swift; sourceTree = "<group>"; };
		C6E191FD7FC1475A9FA8A362 /* Pods-Name-Project.debug.xcconfig */ = {isa = PBXFileReference; includeInIndex = 1; lastKnownFileType = text.xcconfig; name = "Pods-Name-Project.debug.xcconfig"; path = "Pods/Target Support Files/Pods-Name-Project/Pods-Name-Project.debug.xcconfig"; sourceTree = "<group>"; };
/* End PBXFileReference section */

/* Begin PBXFrameworksBuildPhase section */
		BF77ECE5215CD02500CB6668 /* Frameworks */ = {
			isa = PBXFrameworksBuildPhase;
			buildActionMask = 2147483647;
			files = (
				255F60ED93AC9FE6C3AEDACF /* Pods_Name_Project.framework in Frameworks */,
			);
			runOnlyForDeploymentPostprocessing = 0;
		};
/* End PBXFrameworksBuildPhase section */

/* Begin PBXGroup section */
		84CF4B458C4B43DA15193599 /* Frameworks */ = {
			isa = PBXGroup;
			children = (
				39A8C40DD31CE8EEBD0401CD /* Pods_Name_Project.framework */,
			);
			name = Frameworks;
			sourceTree = "<group>";
		};
		99AA23171B044B073E6D2710 /* Pods */ = {
			isa = PBXGroup;
			children = (
				C6E191FD7FC1475A9FA8A362 /* Pods-Name-Project.debug.xcconfig */,
				5C44C9927D5E7828A8E7DAD9 /* Pods-Name-Project.release.xcconfig */,
			);
			name = Pods;
			sourceTree = "<group>";
		};
		BF77ECDF215CD02500CB6668 = {
			isa = PBXGroup;
			children = (
				BF77ECEA215CD02500CB6668 /* Name-Project */,
				BF77ECE9215CD02500CB6668 /* Products */,
				99AA23171B044B073E6D2710 /* Pods */,
				84CF4B458C4B43DA15193599 /* Frameworks */,
			);
			sourceTree = "<group>";
		};
		BF77ECE9215CD02500CB6668 /* Products */ = {
			isa = PBXGroup;
			children = (
				BF77ECE8215CD02500CB6668 /* Name-Project.app */,
			);
			name = Products;
			sourceTree = "<group>";
		};
		BF77ECEA215CD02500CB6668 /* Name-Project */ = {
			isa = PBXGroup;
			children = (
				BF77ECFD215CD2BE00CB6668 /* AppInfo */,
				BF77ED05215CD3B900CB6668 /* APIService */,
				BF77ECFE215CD2CD00CB6668 /* Extensions */,
				BF77ECFF215CD2DC00CB6668 /* Features */,
				BF77ED01215CD2FA00CB6668 /* Library */,
				BF77ED02215CD30700CB6668 /* Models */,
				BF77ED04215CD37F00CB6668 /* Protocols */,
				BF77ED03215CD31100CB6668 /* Resources */,
				BF77ED06215CD41D00CB6668 /* UI */,
				BF77ED00215CD2EC00CB6668 /* Utilities */,
			);
			path = "Name-Project";
			sourceTree = "<group>";
		};
		BF77ECFD215CD2BE00CB6668 /* AppInfo */ = {
			isa = PBXGroup;
			children = (
				BF77ECEB215CD02500CB6668 /* AppDelegate.swift */,
				BF77ECF2215CD02600CB6668 /* Assets.xcassets */,
				BF77ECF4215CD02600CB6668 /* LaunchScreen.storyboard */,
				BF77ECF7215CD02600CB6668 /* Info.plist */,
				BF77ED0A215CDCD800CB6668 /* Name-Project-Bridging-Header.h */,
			);
			path = AppInfo;
			sourceTree = "<group>";
		};
		BF77ECFE215CD2CD00CB6668 /* Extensions */ = {
			isa = PBXGroup;
			children = (
				BFEC2336215DCEF20086A899 /* SwiftTheme+Extensions.swift */,
			);
			path = Extensions;
			sourceTree = "<group>";
		};
		BF77ECFF215CD2DC00CB6668 /* Features */ = {
			isa = PBXGroup;
			children = (
				BF77ED07215CD77000CB6668 /* Home */,
			);
			path = Features;
			sourceTree = "<group>";
		};
		BF77ED00215CD2EC00CB6668 /* Utilities */ = {
			isa = PBXGroup;
			children = (
				BFEC233A215DD35D0086A899 /* Style */,
				BFEC2333215DCB400086A899 /* Helpers */,
				BFEC2338215DD0200086A899 /* Utilities.swift */,
				BFEC233D215DD68C0086A899 /* AppConfig.swift */,
			);
			path = Utilities;
			sourceTree = "<group>";
		};
		BF77ED01215CD2FA00CB6668 /* Library */ = {
			isa = PBXGroup;
			children = (
			);
			path = Library;
			sourceTree = "<group>";
		};
		BF77ED02215CD30700CB6668 /* Models */ = {
			isa = PBXGroup;
			children = (
			);
			path = Models;
			sourceTree = "<group>";
		};
		BF77ED03215CD31100CB6668 /* Resources */ = {
			isa = PBXGroup;
			children = (
				BF77ED0B215CE6F600CB6668 /* Theme */,
			);
			path = Resources;
			sourceTree = "<group>";
		};
		BF77ED04215CD37F00CB6668 /* Protocols */ = {
			isa = PBXGroup;
			children = (
			);
			path = Protocols;
			sourceTree = "<group>";
		};
		BF77ED05215CD3B900CB6668 /* APIService */ = {
			isa = PBXGroup;
			children = (
			);
			path = APIService;
			sourceTree = "<group>";
		};
		BF77ED06215CD41D00CB6668 /* UI */ = {
			isa = PBXGroup;
			children = (
			);
			path = UI;
			sourceTree = "<group>";
		};
		BF77ED07215CD77000CB6668 /* Home */ = {
			isa = PBXGroup;
			children = (
				BF77ED08215CD78200CB6668 /* HomeViewController.swift */,
			);
			path = Home;
			sourceTree = "<group>";
		};
		BF77ED0B215CE6F600CB6668 /* Theme */ = {
			isa = PBXGroup;
			children = (
				BFEC2331215DC9BC0086A899 /* MainTheme.plist */,
			);
			path = Theme;
			sourceTree = "<group>";
		};
		BFEC2333215DCB400086A899 /* Helpers */ = {
			isa = PBXGroup;
			children = (
				BFEC2334215DCB720086A899 /* ThemeKeys.swift */,
			);
			path = Helpers;
			sourceTree = "<group>";
		};
		BFEC233A215DD35D0086A899 /* Style */ = {
			isa = PBXGroup;
			children = (
				BFEC233B215DD3880086A899 /* AlphaColor.swift */,
			);
			path = Style;
			sourceTree = "<group>";
		};
/* End PBXGroup section */

/* Begin PBXNativeTarget section */
		BF77ECE7215CD02500CB6668 /* Name-Project */ = {
			isa = PBXNativeTarget;
			buildConfigurationList = BF77ECFA215CD02600CB6668 /* Build configuration list for PBXNativeTarget "Name-Project" */;
			buildPhases = (
				D8CC4E0822241748CF59AB8F /* [CP] Check Pods Manifest.lock */,
				BF77ECE4215CD02500CB6668 /* Sources */,
				BF77ECE5215CD02500CB6668 /* Frameworks */,
				BF77ECE6215CD02500CB6668 /* Resources */,
				F670057922F23A24A097B37E /* [CP] Embed Pods Frameworks */,
			);
			buildRules = (
			);
			dependencies = (
			);
			name = "Name-Project";
			productName = "Name-Project";
			productReference = BF77ECE8215CD02500CB6668 /* Name-Project.app */;
			productType = "com.apple.product-type.application";
		};
/* End PBXNativeTarget section */

/* Begin PBXProject section */
		BF77ECE0215CD02500CB6668 /* Project object */ = {
			isa = PBXProject;
			attributes = {
				LastSwiftUpdateCheck = 0940;
				LastUpgradeCheck = 0940;
				ORGANIZATIONNAME = "Van Le";
				TargetAttributes = {
					BF77ECE7215CD02500CB6668 = {
						CreatedOnToolsVersion = 9.4.1;
					};
				};
			};
			buildConfigurationList = BF77ECE3215CD02500CB6668 /* Build configuration list for PBXProject "Name-Project" */;
			compatibilityVersion = "Xcode 9.3";
			developmentRegion = en;
			hasScannedForEncodings = 0;
			knownRegions = (
				en,
				Base,
			);
			mainGroup = BF77ECDF215CD02500CB6668;
			productRefGroup = BF77ECE9215CD02500CB6668 /* Products */;
			projectDirPath = "";
			projectRoot = "";
			targets = (
				BF77ECE7215CD02500CB6668 /* Name-Project */,
			);
		};
/* End PBXProject section */

/* Begin PBXResourcesBuildPhase section */
		BF77ECE6215CD02500CB6668 /* Resources */ = {
			isa = PBXResourcesBuildPhase;
			buildActionMask = 2147483647;
			files = (
				BF77ECF6215CD02600CB6668 /* LaunchScreen.storyboard in Resources */,
				BFEC2332215DC9BC0086A899 /* MainTheme.plist in Resources */,
				BF77ECF3215CD02600CB6668 /* Assets.xcassets in Resources */,
			);
			runOnlyForDeploymentPostprocessing = 0;
		};
/* End PBXResourcesBuildPhase section */

/* Begin PBXShellScriptBuildPhase section */
		D8CC4E0822241748CF59AB8F /* [CP] Check Pods Manifest.lock */ = {
			isa = PBXShellScriptBuildPhase;
			buildActionMask = 2147483647;
			files = (
			);
			inputPaths = (
				"${PODS_PODFILE_DIR_PATH}/Podfile.lock",
				"${PODS_ROOT}/Manifest.lock",
			);
			name = "[CP] Check Pods Manifest.lock";
			outputPaths = (
				"$(DERIVED_FILE_DIR)/Pods-Name-Project-checkManifestLockResult.txt",
			);
			runOnlyForDeploymentPostprocessing = 0;
			shellPath = /bin/sh;
			shellScript = "diff \"${PODS_PODFILE_DIR_PATH}/Podfile.lock\" \"${PODS_ROOT}/Manifest.lock\" > /dev/null\nif [ $? != 0 ] ; then\n    # print error to STDERR\n    echo \"error: The sandbox is not in sync with the Podfile.lock. Run 'pod install' or update your CocoaPods installation.\" >&2\n    exit 1\nfi\n# This output is used by Xcode 'outputs' to avoid re-running this script phase.\necho \"SUCCESS\" > \"${SCRIPT_OUTPUT_FILE_0}\"\n";
			showEnvVarsInLog = 0;
		};
		F670057922F23A24A097B37E /* [CP] Embed Pods Frameworks */ = {
			isa = PBXShellScriptBuildPhase;
			buildActionMask = 2147483647;
			files = (
			);
			inputPaths = (
				"${SRCROOT}/Pods/Target Support Files/Pods-Name-Project/Pods-Name-Project-frameworks.sh",
				"${BUILT_PRODUCTS_DIR}/SwiftTheme/SwiftTheme.framework",
				"${BUILT_PRODUCTS_DIR}/SwiftyBeaver/SwiftyBeaver.framework",
			);
			name = "[CP] Embed Pods Frameworks";
			outputPaths = (
				"${TARGET_BUILD_DIR}/${FRAMEWORKS_FOLDER_PATH}/SwiftTheme.framework",
				"${TARGET_BUILD_DIR}/${FRAMEWORKS_FOLDER_PATH}/SwiftyBeaver.framework",
			);
			runOnlyForDeploymentPostprocessing = 0;
			shellPath = /bin/sh;
			shellScript = "\"${SRCROOT}/Pods/Target Support Files/Pods-Name-Project/Pods-Name-Project-frameworks.sh\"\n";
			showEnvVarsInLog = 0;
		};
/* End PBXShellScriptBuildPhase section */

/* Begin PBXSourcesBuildPhase section */
		BF77ECE4215CD02500CB6668 /* Sources */ = {
			isa = PBXSourcesBuildPhase;
			buildActionMask = 2147483647;
			files = (
				BFEC233C215DD3880086A899 /* AlphaColor.swift in Sources */,
				BF77ECEC215CD02500CB6668 /* AppDelegate.swift in Sources */,
				BFEC2337215DCEF20086A899 /* SwiftTheme+Extensions.swift in Sources */,
				BFEC233E215DD68C0086A899 /* AppConfig.swift in Sources */,
				BF77ED09215CD78200CB6668 /* HomeViewController.swift in Sources */,
				BFEC2339215DD0200086A899 /* Utilities.swift in Sources */,
				BFEC2335215DCB720086A899 /* ThemeKeys.swift in Sources */,
			);
			runOnlyForDeploymentPostprocessing = 0;
		};
/* End PBXSourcesBuildPhase section */

/* Begin PBXVariantGroup section */
		BF77ECF4215CD02600CB6668 /* LaunchScreen.storyboard */ = {
			isa = PBXVariantGroup;
			children = (
				BF77ECF5215CD02600CB6668 /* Base */,
			);
			name = LaunchScreen.storyboard;
			sourceTree = "<group>";
		};
/* End PBXVariantGroup section */

/* Begin XCBuildConfiguration section */
		BF77ECF8215CD02600CB6668 /* Debug */ = {
			isa = XCBuildConfiguration;
			buildSettings = {
				ALWAYS_SEARCH_USER_PATHS = NO;
				CLANG_ANALYZER_NONNULL = YES;
				CLANG_ANALYZER_NUMBER_OBJECT_CONVERSION = YES_AGGRESSIVE;
				CLANG_CXX_LANGUAGE_STANDARD = "gnu++14";
				CLANG_CXX_LIBRARY = "libc++";
				CLANG_ENABLE_MODULES = YES;
				CLANG_ENABLE_OBJC_ARC = YES;
				CLANG_ENABLE_OBJC_WEAK = YES;
				CLANG_WARN_BLOCK_CAPTURE_AUTORELEASING = YES;
				CLANG_WARN_BOOL_CONVERSION = YES;
				CLANG_WARN_COMMA = YES;
				CLANG_WARN_CONSTANT_CONVERSION = YES;
				CLANG_WARN_DEPRECATED_OBJC_IMPLEMENTATIONS = YES;
				CLANG_WARN_DIRECT_OBJC_ISA_USAGE = YES_ERROR;
				CLANG_WARN_DOCUMENTATION_COMMENTS = YES;
				CLANG_WARN_EMPTY_BODY = YES;
				CLANG_WARN_ENUM_CONVERSION = YES;
				CLANG_WARN_INFINITE_RECURSION = YES;
				CLANG_WARN_INT_CONVERSION = YES;
				CLANG_WARN_NON_LITERAL_NULL_CONVERSION = YES;
				CLANG_WARN_OBJC_IMPLICIT_RETAIN_SELF = YES;
				CLANG_WARN_OBJC_LITERAL_CONVERSION = YES;
				CLANG_WARN_OBJC_ROOT_CLASS = YES_ERROR;
				CLANG_WARN_RANGE_LOOP_ANALYSIS = YES;
				CLANG_WARN_STRICT_PROTOTYPES = YES;
				CLANG_WARN_SUSPICIOUS_MOVE = YES;
				CLANG_WARN_UNGUARDED_AVAILABILITY = YES_AGGRESSIVE;
				CLANG_WARN_UNREACHABLE_CODE = YES;
				CLANG_WARN__DUPLICATE_METHOD_MATCH = YES;
				CODE_SIGN_IDENTITY = "iPhone Developer";
				COPY_PHASE_STRIP = NO;
				DEBUG_INFORMATION_FORMAT = dwarf;
				ENABLE_STRICT_OBJC_MSGSEND = YES;
				ENABLE_TESTABILITY = YES;
				GCC_C_LANGUAGE_STANDARD = gnu11;
				GCC_DYNAMIC_NO_PIC = NO;
				GCC_NO_COMMON_BLOCKS = YES;
				GCC_OPTIMIZATION_LEVEL = 0;
				GCC_PREPROCESSOR_DEFINITIONS = (
					"DEBUG=1",
					"$(inherited)",
				);
				GCC_WARN_64_TO_32_BIT_CONVERSION = YES;
				GCC_WARN_ABOUT_RETURN_TYPE = YES_ERROR;
				GCC_WARN_UNDECLARED_SELECTOR = YES;
				GCC_WARN_UNINITIALIZED_AUTOS = YES_AGGRESSIVE;
				GCC_WARN_UNUSED_FUNCTION = YES;
				GCC_WARN_UNUSED_VARIABLE = YES;
				IPHONEOS_DEPLOYMENT_TARGET = 11.4;
				MTL_ENABLE_DEBUG_INFO = YES;
				ONLY_ACTIVE_ARCH = YES;
				SDKROOT = iphoneos;
				SWIFT_ACTIVE_COMPILATION_CONDITIONS = DEBUG;
				SWIFT_OPTIMIZATION_LEVEL = "-Onone";
			};
			name = Debug;
		};
		BF77ECF9215CD02600CB6668 /* Release */ = {
			isa = XCBuildConfiguration;
			buildSettings = {
				ALWAYS_SEARCH_USER_PATHS = NO;
				CLANG_ANALYZER_NONNULL = YES;
				CLANG_ANALYZER_NUMBER_OBJECT_CONVERSION = YES_AGGRESSIVE;
				CLANG_CXX_LANGUAGE_STANDARD = "gnu++14";
				CLANG_CXX_LIBRARY = "libc++";
				CLANG_ENABLE_MODULES = YES;
				CLANG_ENABLE_OBJC_ARC = YES;
				CLANG_ENABLE_OBJC_WEAK = YES;
				CLANG_WARN_BLOCK_CAPTURE_AUTORELEASING = YES;
				CLANG_WARN_BOOL_CONVERSION = YES;
				CLANG_WARN_COMMA = YES;
				CLANG_WARN_CONSTANT_CONVERSION = YES;
				CLANG_WARN_DEPRECATED_OBJC_IMPLEMENTATIONS = YES;
				CLANG_WARN_DIRECT_OBJC_ISA_USAGE = YES_ERROR;
				CLANG_WARN_DOCUMENTATION_COMMENTS = YES;
				CLANG_WARN_EMPTY_BODY = YES;
				CLANG_WARN_ENUM_CONVERSION = YES;
				CLANG_WARN_INFINITE_RECURSION = YES;
				CLANG_WARN_INT_CONVERSION = YES;
				CLANG_WARN_NON_LITERAL_NULL_CONVERSION = YES;
				CLANG_WARN_OBJC_IMPLICIT_RETAIN_SELF = YES;
				CLANG_WARN_OBJC_LITERAL_CONVERSION = YES;
				CLANG_WARN_OBJC_ROOT_CLASS = YES_ERROR;
				CLANG_WARN_RANGE_LOOP_ANALYSIS = YES;
				CLANG_WARN_STRICT_PROTOTYPES = YES;
				CLANG_WARN_SUSPICIOUS_MOVE = YES;
				CLANG_WARN_UNGUARDED_AVAILABILITY = YES_AGGRESSIVE;
				CLANG_WARN_UNREACHABLE_CODE = YES;
				CLANG_WARN__DUPLICATE_METHOD_MATCH = YES;
				CODE_SIGN_IDENTITY = "iPhone Developer";
				COPY_PHASE_STRIP = NO;
				DEBUG_INFORMATION_FORMAT = "dwarf-with-dsym";
				ENABLE_NS_ASSERTIONS = NO;
				ENABLE_STRICT_OBJC_MSGSEND = YES;
				GCC_C_LANGUAGE_STANDARD = gnu11;
				GCC_NO_COMMON_BLOCKS = YES;
				GCC_WARN_64_TO_32_BIT_CONVERSION = YES;
				GCC_WARN_ABOUT_RETURN_TYPE = YES_ERROR;
				GCC_WARN_UNDECLARED_SELECTOR = YES;
				GCC_WARN_UNINITIALIZED_AUTOS = YES_AGGRESSIVE;
				GCC_WARN_UNUSED_FUNCTION = YES;
				GCC_WARN_UNUSED_VARIABLE = YES;
				IPHONEOS_DEPLOYMENT_TARGET = 11.4;
				MTL_ENABLE_DEBUG_INFO = NO;
				SDKROOT = iphoneos;
				SWIFT_COMPILATION_MODE = wholemodule;
				SWIFT_OPTIMIZATION_LEVEL = "-O";
				VALIDATE_PRODUCT = YES;
			};
			name = Release;
		};
		BF77ECFB215CD02600CB6668 /* Debug */ = {
			isa = XCBuildConfiguration;
			baseConfigurationReference = C6E191FD7FC1475A9FA8A362 /* Pods-Name-Project.debug.xcconfig */;
			buildSettings = {
				ASSETCATALOG_COMPILER_APPICON_NAME = AppIcon;
				CODE_SIGN_STYLE = Automatic;
				DEVELOPMENT_TEAM = EWV6ACNJ7K;
				INFOPLIST_FILE = "Name-Project/AppInfo/Info.plist";
				LD_RUNPATH_SEARCH_PATHS = (
					"$(inherited)",
					"@executable_path/Frameworks",
				);
				PRODUCT_BUNDLE_IDENTIFIER = "com.lhvan89.Name-Project";
				PRODUCT_NAME = "$(TARGET_NAME)";
				SWIFT_OBJC_BRIDGING_HEADER = "Name-Project/AppInfo/Name-Project-Bridging-Header.h";
				SWIFT_VERSION = 4.0;
				TARGETED_DEVICE_FAMILY = "1,2";
			};
			name = Debug;
		};
		BF77ECFC215CD02600CB6668 /* Release */ = {
			isa = XCBuildConfiguration;
			baseConfigurationReference = 5C44C9927D5E7828A8E7DAD9 /* Pods-Name-Project.release.xcconfig */;
			buildSettings = {
				ASSETCATALOG_COMPILER_APPICON_NAME = AppIcon;
				CODE_SIGN_STYLE = Automatic;
				DEVELOPMENT_TEAM = EWV6ACNJ7K;
				INFOPLIST_FILE = "Name-Project/AppInfo/Info.plist";
				LD_RUNPATH_SEARCH_PATHS = (
					"$(inherited)",
					"@executable_path/Frameworks",
				);
				PRODUCT_BUNDLE_IDENTIFIER = "com.lhvan89.Name-Project";
				PRODUCT_NAME = "$(TARGET_NAME)";
				SWIFT_OBJC_BRIDGING_HEADER = "Name-Project/AppInfo/Name-Project-Bridging-Header.h";
				SWIFT_VERSION = 4.0;
				TARGETED_DEVICE_FAMILY = "1,2";
			};
			name = Release;
		};
/* End XCBuildConfiguration section */

/* Begin XCConfigurationList section */
		BF77ECE3215CD02500CB6668 /* Build configuration list for PBXProject "Name-Project" */ = {
			isa = XCConfigurationList;
			buildConfigurations = (
				BF77ECF8215CD02600CB6668 /* Debug */,
				BF77ECF9215CD02600CB6668 /* Release */,
			);
			defaultConfigurationIsVisible = 0;
			defaultConfigurationName = Release;
		};
		BF77ECFA215CD02600CB6668 /* Build configuration list for PBXNativeTarget "Name-Project" */ = {
			isa = XCConfigurationList;
			buildConfigurations = (
				BF77ECFB215CD02600CB6668 /* Debug */,
				BF77ECFC215CD02600CB6668 /* Release */,
			);
			defaultConfigurationIsVisible = 0;
			defaultConfigurationName = Release;
		};
/* End XCConfigurationList section */
	};
	rootObject = BF77ECE0215CD02500CB6668 /* Project object */;
}
